
Microsoft Visual Studio Solution File, Format Version 12.00
# Visual Studio Version 16
VisualStudioVersion = 16.0.32002.261
MinimumVisualStudioVersion = 10.0.40219.1
Project("{8BC9CEB8-8B4A-11D0-8D11-00A0C91BC942}") = "Step3-C", "Step3-C.vcxproj", "{7656635E-0D7C-4B00-B88F-4F5521B66F5C}"
EndProject
Global
	GlobalSection(SolutionConfigurationPlatforms) = preSolution
		Debug|x64 = Debug|x64
		Debug|x86 = Debug|x86
		Release|x64 = Release|x64
		Release|x86 = Release|x86
	EndGlobalSection
	GlobalSection(ProjectConfigurationPlatforms) = postSolution
		{7656635E-0D7C-4B00-B88F-4F5521B66F5C}.Debug|x64.ActiveCfg = Debug|x64
		{7656635E-0D7C-4B00-B88F-4F5521B66F5C}.Debug|x64.Build.0 = Debug|x64
		{7656635E-0D7C-4B00-B88F-4F5521B66F5C}.Debug|x86.ActiveCfg = Debug|Win32
		{7656635E-0D7C-4B00-B88F-4F5521B66F5C}.Debug|x86.Build.0 = Debug|Win32
		{7656635E-0D7C-4B00-B88F-4F5521B66F5C}.Release|x64.ActiveCfg = Release|x64
		{7656635E-0D7C-4B00-B88F-4F5521B66F5C}.Release|x64.Build.0 = Release|x64
		{7656635E-0D7C-4B00-B88F-4F5521B66F5C}.Release|x86.ActiveCfg = Release|Win32
		{7656635E-0D7C-4B00-B88F-4F5521B66F5C}.Release|x86.Build.0 = Release|Win32
	EndGlobalSection
	GlobalSection(SolutionProperties) = preSolution
		HideSolutionNode = FALSE
	EndGlobalSection
	GlobalSection(ExtensibilityGlobals) = postSolution
		SolutionGuid = {958577E7-919C-4B07-8036-D1D0D6C07939}
	EndGlobalSection
EndGlobal
